// !$*UTF8*$!
{
	archiveVersion = 1;
	classes = {
	};
	objectVersion = 48;
	objects = {

/* Begin PBXBuildFile section */
		0CB1B9DBB38DC243160FC85D /* Pods_SmackApp.framework in Frameworks */ = {isa = PBXBuildFile; fileRef = 923BEF453D5B5EB65C5F9E72 /* Pods_SmackApp.framework */; };
		310428851FD5383300B5E8B6 /* GradientView.swift in Sources */ = {isa = PBXBuildFile; fileRef = 310428841FD5383300B5E8B6 /* GradientView.swift */; };
		3137966F1FFE13C100E0F5B5 /* AvatarPickerVC.swift in Sources */ = {isa = PBXBuildFile; fileRef = 3137966E1FFE13C100E0F5B5 /* AvatarPickerVC.swift */; };
		313796711FFE269700E0F5B5 /* AvatarCell.swift in Sources */ = {isa = PBXBuildFile; fileRef = 313796701FFE269700E0F5B5 /* AvatarCell.swift */; };
		31823BD01FE108790015135B /* AuthServices.swift in Sources */ = {isa = PBXBuildFile; fileRef = 31823BCF1FE108790015135B /* AuthServices.swift */; };
		3195802C1FD82283009F180F /* Constants.swift in Sources */ = {isa = PBXBuildFile; fileRef = 3195802B1FD82283009F180F /* Constants.swift */; };
		3195802E1FD828E5009F180F /* LoginVC.swift in Sources */ = {isa = PBXBuildFile; fileRef = 3195802D1FD828E5009F180F /* LoginVC.swift */; };
		319580301FD82C3F009F180F /* CreateAccountVC.swift in Sources */ = {isa = PBXBuildFile; fileRef = 3195802F1FD82C3F009F180F /* CreateAccountVC.swift */; };
		319B81571FD11AE000107E43 /* ChannelVC.swift in Sources */ = {isa = PBXBuildFile; fileRef = 319B81561FD11AE000107E43 /* ChannelVC.swift */; };
		319B815B1FD11F2100107E43 /* ChatVC.swift in Sources */ = {isa = PBXBuildFile; fileRef = 319B815A1FD11F2100107E43 /* ChatVC.swift */; };
		31B42DBC1FCEAE9200CECDB2 /* AppDelegate.swift in Sources */ = {isa = PBXBuildFile; fileRef = 31B42DBB1FCEAE9200CECDB2 /* AppDelegate.swift */; };
		31B42DC11FCEAE9200CECDB2 /* Main.storyboard in Resources */ = {isa = PBXBuildFile; fileRef = 31B42DBF1FCEAE9200CECDB2 /* Main.storyboard */; };
		31B42DC31FCEAE9200CECDB2 /* Assets.xcassets in Resources */ = {isa = PBXBuildFile; fileRef = 31B42DC21FCEAE9200CECDB2 /* Assets.xcassets */; };
		31B42DC61FCEAE9200CECDB2 /* LaunchScreen.storyboard in Resources */ = {isa = PBXBuildFile; fileRef = 31B42DC41FCEAE9200CECDB2 /* LaunchScreen.storyboard */; };
		31BBC0F11FE2AC7100E1D7E3 /* RoundedButton.swift in Sources */ = {isa = PBXBuildFile; fileRef = 31BBC0F01FE2AC7100E1D7E3 /* RoundedButton.swift */; };
		31BBC0F31FE2AF9100E1D7E3 /* SWRevealViewController.m in Sources */ = {isa = PBXBuildFile; fileRef = 31BBC0F21FE2AF9100E1D7E3 /* SWRevealViewController.m */; };
		31BC79A31FFCC49F002A3EA8 /* UserDataService.swift in Sources */ = {isa = PBXBuildFile; fileRef = 31BC79A21FFCC49F002A3EA8 /* UserDataService.swift */; };
/* End PBXBuildFile section */

/* Begin PBXFileReference section */
		310428841FD5383300B5E8B6 /* GradientView.swift */ = {isa = PBXFileReference; lastKnownFileType = sourcecode.swift; path = GradientView.swift; sourceTree = "<group>"; };
		3137966E1FFE13C100E0F5B5 /* AvatarPickerVC.swift */ = {isa = PBXFileReference; lastKnownFileType = sourcecode.swift; path = AvatarPickerVC.swift; sourceTree = "<group>"; };
		313796701FFE269700E0F5B5 /* AvatarCell.swift */ = {isa = PBXFileReference; lastKnownFileType = sourcecode.swift; path = AvatarCell.swift; sourceTree = "<group>"; };
		31823BCF1FE108790015135B /* AuthServices.swift */ = {isa = PBXFileReference; lastKnownFileType = sourcecode.swift; path = AuthServices.swift; sourceTree = "<group>"; };
		3195802B1FD82283009F180F /* Constants.swift */ = {isa = PBXFileReference; lastKnownFileType = sourcecode.swift; path = Constants.swift; sourceTree = "<group>"; };
		3195802D1FD828E5009F180F /* LoginVC.swift */ = {isa = PBXFileReference; lastKnownFileType = sourcecode.swift; path = LoginVC.swift; sourceTree = "<group>"; };
		3195802F1FD82C3F009F180F /* CreateAccountVC.swift */ = {isa = PBXFileReference; lastKnownFileType = sourcecode.swift; path = CreateAccountVC.swift; sourceTree = "<group>"; };
		319B81561FD11AE000107E43 /* ChannelVC.swift */ = {isa = PBXFileReference; lastKnownFileType = sourcecode.swift; path = ChannelVC.swift; sourceTree = "<group>"; };
		319B815A1FD11F2100107E43 /* ChatVC.swift */ = {isa = PBXFileReference; lastKnownFileType = sourcecode.swift; path = ChatVC.swift; sourceTree = "<group>"; };
		31B42DB81FCEAE9200CECDB2 /* SmackApp.app */ = {isa = PBXFileReference; explicitFileType = wrapper.application; includeInIndex = 0; path = SmackApp.app; sourceTree = BUILT_PRODUCTS_DIR; };
		31B42DBB1FCEAE9200CECDB2 /* AppDelegate.swift */ = {isa = PBXFileReference; lastKnownFileType = sourcecode.swift; path = AppDelegate.swift; sourceTree = "<group>"; };
		31B42DC01FCEAE9200CECDB2 /* Base */ = {isa = PBXFileReference; lastKnownFileType = file.storyboard; name = Base; path = Base.lproj/Main.storyboard; sourceTree = "<group>"; };
		31B42DC21FCEAE9200CECDB2 /* Assets.xcassets */ = {isa = PBXFileReference; lastKnownFileType = folder.assetcatalog; path = Assets.xcassets; sourceTree = "<group>"; };
		31B42DC51FCEAE9200CECDB2 /* Base */ = {isa = PBXFileReference; lastKnownFileType = file.storyboard; name = Base; path = Base.lproj/LaunchScreen.storyboard; sourceTree = "<group>"; };
		31B42DC71FCEAE9200CECDB2 /* Info.plist */ = {isa = PBXFileReference; lastKnownFileType = text.plist.xml; path = Info.plist; sourceTree = "<group>"; };
		31BBC0F01FE2AC7100E1D7E3 /* RoundedButton.swift */ = {isa = PBXFileReference; lastKnownFileType = sourcecode.swift; path = RoundedButton.swift; sourceTree = "<group>"; };
		31BBC0F21FE2AF9100E1D7E3 /* SWRevealViewController.m */ = {isa = PBXFileReference; fileEncoding = 4; lastKnownFileType = sourcecode.c.objc; path = SWRevealViewController.m; sourceTree = "<group>"; };
		31BC79A21FFCC49F002A3EA8 /* UserDataService.swift */ = {isa = PBXFileReference; lastKnownFileType = sourcecode.swift; path = UserDataService.swift; sourceTree = "<group>"; };
		31D4A22A1FD015FC0097ADD9 /* SmackApp-Bridging-Header.h */ = {isa = PBXFileReference; lastKnownFileType = sourcecode.c.h; path = "SmackApp-Bridging-Header.h"; sourceTree = "<group>"; };
		31D4A22B1FD015FE0097ADD9 /* SWRevealViewController.h */ = {isa = PBXFileReference; fileEncoding = 4; lastKnownFileType = sourcecode.c.h; path = SWRevealViewController.h; sourceTree = "<group>"; };
		75A33C12D5633EADA8554682 /* Pods-SmackApp.release.xcconfig */ = {isa = PBXFileReference; includeInIndex = 1; lastKnownFileType = text.xcconfig; name = "Pods-SmackApp.release.xcconfig"; path = "Pods/Target Support Files/Pods-SmackApp/Pods-SmackApp.release.xcconfig"; sourceTree = "<group>"; };
		923BEF453D5B5EB65C5F9E72 /* Pods_SmackApp.framework */ = {isa = PBXFileReference; explicitFileType = wrapper.framework; includeInIndex = 0; path = Pods_SmackApp.framework; sourceTree = BUILT_PRODUCTS_DIR; };
		DC445D2F83B26553AE0BCE62 /* Pods-SmackApp.debug.xcconfig */ = {isa = PBXFileReference; includeInIndex = 1; lastKnownFileType = text.xcconfig; name = "Pods-SmackApp.debug.xcconfig"; path = "Pods/Target Support Files/Pods-SmackApp/Pods-SmackApp.debug.xcconfig"; sourceTree = "<group>"; };
/* End PBXFileReference section */

/* Begin PBXFrameworksBuildPhase section */
		31B42DB51FCEAE9200CECDB2 /* Frameworks */ = {
			isa = PBXFrameworksBuildPhase;
			buildActionMask = 2147483647;
			files = (
				0CB1B9DBB38DC243160FC85D /* Pods_SmackApp.framework in Frameworks */,
			);
			runOnlyForDeploymentPostprocessing = 0;
		};
/* End PBXFrameworksBuildPhase section */

/* Begin PBXGroup section */
		03F848F023D1229AF5F3AB4D /* Pods */ = {
			isa = PBXGroup;
			children = (
				DC445D2F83B26553AE0BCE62 /* Pods-SmackApp.debug.xcconfig */,
				75A33C12D5633EADA8554682 /* Pods-SmackApp.release.xcconfig */,
			);
			name = Pods;
			sourceTree = "<group>";
		};
		31823BCE1FE108360015135B /* Services */ = {
			isa = PBXGroup;
			children = (
				31823BCF1FE108790015135B /* AuthServices.swift */,
				31BC79A21FFCC49F002A3EA8 /* UserDataService.swift */,
			);
			path = Services;
			sourceTree = "<group>";
		};
		3195802A1FD8226B009F180F /* Utilities */ = {
			isa = PBXGroup;
			children = (
				3195802B1FD82283009F180F /* Constants.swift */,
			);
			path = Utilities;
			sourceTree = "<group>";
		};
		319B81511FD11A7000107E43 /* Controller */ = {
			isa = PBXGroup;
			children = (
				319B81561FD11AE000107E43 /* ChannelVC.swift */,
				319B815A1FD11F2100107E43 /* ChatVC.swift */,
				3195802D1FD828E5009F180F /* LoginVC.swift */,
				3195802F1FD82C3F009F180F /* CreateAccountVC.swift */,
				3137966E1FFE13C100E0F5B5 /* AvatarPickerVC.swift */,
			);
			path = Controller;
			sourceTree = "<group>";
		};
		319B81521FD11A8200107E43 /* View */ = {
			isa = PBXGroup;
			children = (
				310428841FD5383300B5E8B6 /* GradientView.swift */,
				31BBC0F01FE2AC7100E1D7E3 /* RoundedButton.swift */,
				313796701FFE269700E0F5B5 /* AvatarCell.swift */,
			);
			path = View;
			sourceTree = "<group>";
		};
		319B81531FD11A8500107E43 /* Model */ = {
			isa = PBXGroup;
			children = (
			);
			path = Model;
			sourceTree = "<group>";
		};
		31B42DAF1FCEAE9200CECDB2 = {
			isa = PBXGroup;
			children = (
				31B42DBA1FCEAE9200CECDB2 /* SmackApp */,
				31D4A2291FD015D10097ADD9 /* Supporting Files */,
				31B42DB91FCEAE9200CECDB2 /* Products */,
				03F848F023D1229AF5F3AB4D /* Pods */,
				D9FDB2154143A49735F39366 /* Frameworks */,
			);
			sourceTree = "<group>";
		};
		31B42DB91FCEAE9200CECDB2 /* Products */ = {
			isa = PBXGroup;
			children = (
				31B42DB81FCEAE9200CECDB2 /* SmackApp.app */,
			);
			name = Products;
			sourceTree = "<group>";
		};
		31B42DBA1FCEAE9200CECDB2 /* SmackApp */ = {
			isa = PBXGroup;
			children = (
				31823BCE1FE108360015135B /* Services */,
				3195802A1FD8226B009F180F /* Utilities */,
				319B81531FD11A8500107E43 /* Model */,
				319B81521FD11A8200107E43 /* View */,
				319B81511FD11A7000107E43 /* Controller */,
				31B42DBB1FCEAE9200CECDB2 /* AppDelegate.swift */,
				31B42DBF1FCEAE9200CECDB2 /* Main.storyboard */,
				31B42DC21FCEAE9200CECDB2 /* Assets.xcassets */,
				31B42DC41FCEAE9200CECDB2 /* LaunchScreen.storyboard */,
				31B42DC71FCEAE9200CECDB2 /* Info.plist */,
			);
			path = SmackApp;
			sourceTree = "<group>";
		};
		31D4A2291FD015D10097ADD9 /* Supporting Files */ = {
			isa = PBXGroup;
			children = (
				31D4A22B1FD015FE0097ADD9 /* SWRevealViewController.h */,
				31BBC0F21FE2AF9100E1D7E3 /* SWRevealViewController.m */,
				31D4A22A1FD015FC0097ADD9 /* SmackApp-Bridging-Header.h */,
			);
			path = "Supporting Files";
			sourceTree = "<group>";
		};
		D9FDB2154143A49735F39366 /* Frameworks */ = {
			isa = PBXGroup;
			children = (
				923BEF453D5B5EB65C5F9E72 /* Pods_SmackApp.framework */,
			);
			name = Frameworks;
			sourceTree = "<group>";
		};
/* End PBXGroup section */

/* Begin PBXNativeTarget section */
		31B42DB71FCEAE9200CECDB2 /* SmackApp */ = {
			isa = PBXNativeTarget;
			buildConfigurationList = 31B42DCA1FCEAE9200CECDB2 /* Build configuration list for PBXNativeTarget "SmackApp" */;
			buildPhases = (
				A6263FFF4DA10571975F9398 /* [CP] Check Pods Manifest.lock */,
				31B42DB41FCEAE9200CECDB2 /* Sources */,
				31B42DB51FCEAE9200CECDB2 /* Frameworks */,
				31B42DB61FCEAE9200CECDB2 /* Resources */,
				4BB1B089B7ABAA70D08725AF /* [CP] Embed Pods Frameworks */,
				9A385456C7C4F9CA446CEAA4 /* [CP] Copy Pods Resources */,
			);
			buildRules = (
			);
			dependencies = (
			);
			name = SmackApp;
			productName = SmackApp;
			productReference = 31B42DB81FCEAE9200CECDB2 /* SmackApp.app */;
			productType = "com.apple.product-type.application";
		};
/* End PBXNativeTarget section */

/* Begin PBXProject section */
		31B42DB01FCEAE9200CECDB2 /* Project object */ = {
			isa = PBXProject;
			attributes = {
				LastSwiftUpdateCheck = 0910;
				LastUpgradeCheck = 0910;
				ORGANIZATIONNAME = "Ramit sharma";
				TargetAttributes = {
					31B42DB71FCEAE9200CECDB2 = {
						CreatedOnToolsVersion = 9.1;
						LastSwiftMigration = 0910;
						ProvisioningStyle = Automatic;
					};
				};
			};
			buildConfigurationList = 31B42DB31FCEAE9200CECDB2 /* Build configuration list for PBXProject "SmackApp" */;
			compatibilityVersion = "Xcode 8.0";
			developmentRegion = en;
			hasScannedForEncodings = 0;
			knownRegions = (
				en,
				Base,
			);
			mainGroup = 31B42DAF1FCEAE9200CECDB2;
			productRefGroup = 31B42DB91FCEAE9200CECDB2 /* Products */;
			projectDirPath = "";
			projectRoot = "";
			targets = (
				31B42DB71FCEAE9200CECDB2 /* SmackApp */,
			);
		};
/* End PBXProject section */

/* Begin PBXResourcesBuildPhase section */
		31B42DB61FCEAE9200CECDB2 /* Resources */ = {
			isa = PBXResourcesBuildPhase;
			buildActionMask = 2147483647;
			files = (
				31B42DC61FCEAE9200CECDB2 /* LaunchScreen.storyboard in Resources */,
				31B42DC31FCEAE9200CECDB2 /* Assets.xcassets in Resources */,
				31B42DC11FCEAE9200CECDB2 /* Main.storyboard in Resources */,
			);
			runOnlyForDeploymentPostprocessing = 0;
		};
/* End PBXResourcesBuildPhase section */

/* Begin PBXShellScriptBuildPhase section */
		4BB1B089B7ABAA70D08725AF /* [CP] Embed Pods Frameworks */ = {
			isa = PBXShellScriptBuildPhase;
			buildActionMask = 2147483647;
			files = (
			);
			inputPaths = (
			);
			name = "[CP] Embed Pods Frameworks";
			outputPaths = (
			);
			runOnlyForDeploymentPostprocessing = 0;
			shellPath = /bin/sh;
			shellScript = "\"${SRCROOT}/Pods/Target Support Files/Pods-SmackApp/Pods-SmackApp-frameworks.sh\"\n";
			showEnvVarsInLog = 0;
		};
		9A385456C7C4F9CA446CEAA4 /* [CP] Copy Pods Resources */ = {
			isa = PBXShellScriptBuildPhase;
			buildActionMask = 2147483647;
			files = (
			);
			inputPaths = (
			);
			name = "[CP] Copy Pods Resources";
			outputPaths = (
			);
			runOnlyForDeploymentPostprocessing = 0;
			shellPath = /bin/sh;
			shellScript = "\"${SRCROOT}/Pods/Target Support Files/Pods-SmackApp/Pods-SmackApp-resources.sh\"\n";
			showEnvVarsInLog = 0;
		};
		A6263FFF4DA10571975F9398 /* [CP] Check Pods Manifest.lock */ = {
			isa = PBXShellScriptBuildPhase;
			buildActionMask = 2147483647;
			files = (
			);
			inputPaths = (
			);
			name = "[CP] Check Pods Manifest.lock";
			outputPaths = (
			);
			runOnlyForDeploymentPostprocessing = 0;
			shellPath = /bin/sh;
			shellScript = "diff \"${PODS_ROOT}/../Podfile.lock\" \"${PODS_ROOT}/Manifest.lock\" > /dev/null\nif [ $? != 0 ] ; then\n    # print error to STDERR\n    echo \"error: The sandbox is not in sync with the Podfile.lock. Run 'pod install' or update your CocoaPods installation.\" >&2\n    exit 1\nfi\n";
			showEnvVarsInLog = 0;
		};
/* End PBXShellScriptBuildPhase section */

/* Begin PBXSourcesBuildPhase section */
		31B42DB41FCEAE9200CECDB2 /* Sources */ = {
			isa = PBXSourcesBuildPhase;
			buildActionMask = 2147483647;
			files = (
				319580301FD82C3F009F180F /* CreateAccountVC.swift in Sources */,
				3137966F1FFE13C100E0F5B5 /* AvatarPickerVC.swift in Sources */,
				31BBC0F11FE2AC7100E1D7E3 /* RoundedButton.swift in Sources */,
				319B815B1FD11F2100107E43 /* ChatVC.swift in Sources */,
				31BC79A31FFCC49F002A3EA8 /* UserDataService.swift in Sources */,
				319B81571FD11AE000107E43 /* ChannelVC.swift in Sources */,
				3195802E1FD828E5009F180F /* LoginVC.swift in Sources */,
				310428851FD5383300B5E8B6 /* GradientView.swift in Sources */,
				31B42DBC1FCEAE9200CECDB2 /* AppDelegate.swift in Sources */,
				313796711FFE269700E0F5B5 /* AvatarCell.swift in Sources */,
				31BBC0F31FE2AF9100E1D7E3 /* SWRevealViewController.m in Sources */,
				31823BD01FE108790015135B /* AuthServices.swift in Sources */,
				3195802C1FD82283009F180F /* Constants.swift in Sources */,
			);
			runOnlyForDeploymentPostprocessing = 0;
		};
/* End PBXSourcesBuildPhase section */

/* Begin PBXVariantGroup section */
		31B42DBF1FCEAE9200CECDB2 /* Main.storyboard */ = {
			isa = PBXVariantGroup;
			children = (
				31B42DC01FCEAE9200CECDB2 /* Base */,
			);
			name = Main.storyboard;
			sourceTree = "<group>";
		};
		31B42DC41FCEAE9200CECDB2 /* LaunchScreen.storyboard */ = {
			isa = PBXVariantGroup;
			children = (
				31B42DC51FCEAE9200CECDB2 /* Base */,
			);
			name = LaunchScreen.storyboard;
			sourceTree = "<group>";
		};
/* End PBXVariantGroup section */

/* Begin XCBuildConfiguration section */
		31B42DC81FCEAE9200CECDB2 /* Debug */ = {
			isa = XCBuildConfiguration;
			buildSettings = {
				ALWAYS_SEARCH_USER_PATHS = NO;
				CLANG_ANALYZER_NONNULL = YES;
				CLANG_ANALYZER_NUMBER_OBJECT_CONVERSION = YES_AGGRESSIVE;
				CLANG_CXX_LANGUAGE_STANDARD = "gnu++14";
				CLANG_CXX_LIBRARY = "libc++";
				CLANG_ENABLE_MODULES = YES;
				CLANG_ENABLE_OBJC_ARC = YES;
				CLANG_WARN_BLOCK_CAPTURE_AUTORELEASING = YES;
				CLANG_WARN_BOOL_CONVERSION = YES;
				CLANG_WARN_COMMA = YES;
				CLANG_WARN_CONSTANT_CONVERSION = YES;
				CLANG_WARN_DIRECT_OBJC_ISA_USAGE = YES_ERROR;
				CLANG_WARN_DOCUMENTATION_COMMENTS = YES;
				CLANG_WARN_EMPTY_BODY = YES;
				CLANG_WARN_ENUM_CONVERSION = YES;
				CLANG_WARN_INFINITE_RECURSION = YES;
				CLANG_WARN_INT_CONVERSION = YES;
				CLANG_WARN_NON_LITERAL_NULL_CONVERSION = YES;
				CLANG_WARN_OBJC_LITERAL_CONVERSION = YES;
				CLANG_WARN_OBJC_ROOT_CLASS = YES_ERROR;
				CLANG_WARN_RANGE_LOOP_ANALYSIS = YES;
				CLANG_WARN_STRICT_PROTOTYPES = YES;
				CLANG_WARN_SUSPICIOUS_MOVE = YES;
				CLANG_WARN_UNGUARDED_AVAILABILITY = YES_AGGRESSIVE;
				CLANG_WARN_UNREACHABLE_CODE = YES;
				CLANG_WARN__DUPLICATE_METHOD_MATCH = YES;
				CODE_SIGN_IDENTITY = "iPhone Developer";
				COPY_PHASE_STRIP = NO;
				DEBUG_INFORMATION_FORMAT = dwarf;
				ENABLE_BITCODE = NO;
				ENABLE_STRICT_OBJC_MSGSEND = YES;
				ENABLE_TESTABILITY = YES;
				GCC_C_LANGUAGE_STANDARD = gnu11;
				GCC_DYNAMIC_NO_PIC = NO;
				GCC_NO_COMMON_BLOCKS = YES;
				GCC_OPTIMIZATION_LEVEL = 0;
				GCC_PREPROCESSOR_DEFINITIONS = (
					"DEBUG=1",
					"$(inherited)",
				);
				GCC_WARN_64_TO_32_BIT_CONVERSION = YES;
				GCC_WARN_ABOUT_RETURN_TYPE = YES_ERROR;
				GCC_WARN_UNDECLARED_SELECTOR = YES;
				GCC_WARN_UNINITIALIZED_AUTOS = YES_AGGRESSIVE;
				GCC_WARN_UNUSED_FUNCTION = YES;
				GCC_WARN_UNUSED_VARIABLE = YES;
				IPHONEOS_DEPLOYMENT_TARGET = 11.1;
				MTL_ENABLE_DEBUG_INFO = YES;
				ONLY_ACTIVE_ARCH = YES;
				SDKROOT = iphoneos;
				SWIFT_ACTIVE_COMPILATION_CONDITIONS = DEBUG;
				SWIFT_OPTIMIZATION_LEVEL = "-Onone";
			};
			name = Debug;
		};
		31B42DC91FCEAE9200CECDB2 /* Release */ = {
			isa = XCBuildConfiguration;
			buildSettings = {
				ALWAYS_SEARCH_USER_PATHS = NO;
				CLANG_ANALYZER_NONNULL = YES;
				CLANG_ANALYZER_NUMBER_OBJECT_CONVERSION = YES_AGGRESSIVE;
				CLANG_CXX_LANGUAGE_STANDARD = "gnu++14";
				CLANG_CXX_LIBRARY = "libc++";
				CLANG_ENABLE_MODULES = YES;
				CLANG_ENABLE_OBJC_ARC = YES;
				CLANG_WARN_BLOCK_CAPTURE_AUTORELEASING = YES;
				CLANG_WARN_BOOL_CONVERSION = YES;
				CLANG_WARN_COMMA = YES;
				CLANG_WARN_CONSTANT_CONVERSION = YES;
				CLANG_WARN_DIRECT_OBJC_ISA_USAGE = YES_ERROR;
				CLANG_WARN_DOCUMENTATION_COMMENTS = YES;
				CLANG_WARN_EMPTY_BODY = YES;
				CLANG_WARN_ENUM_CONVERSION = YES;
				CLANG_WARN_INFINITE_RECURSION = YES;
				CLANG_WARN_INT_CONVERSION = YES;
				CLANG_WARN_NON_LITERAL_NULL_CONVERSION = YES;
				CLANG_WARN_OBJC_LITERAL_CONVERSION = YES;
				CLANG_WARN_OBJC_ROOT_CLASS = YES_ERROR;
				CLANG_WARN_RANGE_LOOP_ANALYSIS = YES;
				CLANG_WARN_STRICT_PROTOTYPES = YES;
				CLANG_WARN_SUSPICIOUS_MOVE = YES;
				CLANG_WARN_UNGUARDED_AVAILABILITY = YES_AGGRESSIVE;
				CLANG_WARN_UNREACHABLE_CODE = YES;
				CLANG_WARN__DUPLICATE_METHOD_MATCH = YES;
				CODE_SIGN_IDENTITY = "iPhone Developer";
				COPY_PHASE_STRIP = NO;
				DEBUG_INFORMATION_FORMAT = "dwarf-with-dsym";
				ENABLE_BITCODE = NO;
				ENABLE_NS_ASSERTIONS = NO;
				ENABLE_STRICT_OBJC_MSGSEND = YES;
				GCC_C_LANGUAGE_STANDARD = gnu11;
				GCC_NO_COMMON_BLOCKS = YES;
				GCC_WARN_64_TO_32_BIT_CONVERSION = YES;
				GCC_WARN_ABOUT_RETURN_TYPE = YES_ERROR;
				GCC_WARN_UNDECLARED_SELECTOR = YES;
				GCC_WARN_UNINITIALIZED_AUTOS = YES_AGGRESSIVE;
				GCC_WARN_UNUSED_FUNCTION = YES;
				GCC_WARN_UNUSED_VARIABLE = YES;
				IPHONEOS_DEPLOYMENT_TARGET = 11.1;
				MTL_ENABLE_DEBUG_INFO = NO;
				SDKROOT = iphoneos;
				SWIFT_OPTIMIZATION_LEVEL = "-Owholemodule";
				VALIDATE_PRODUCT = YES;
			};
			name = Release;
		};
		31B42DCB1FCEAE9200CECDB2 /* Debug */ = {
			isa = XCBuildConfiguration;
			baseConfigurationReference = DC445D2F83B26553AE0BCE62 /* Pods-SmackApp.debug.xcconfig */;
			buildSettings = {
				ASSETCATALOG_COMPILER_APPICON_NAME = AppIcon;
				CLANG_ENABLE_MODULES = YES;
				CODE_SIGN_STYLE = Automatic;
				DEVELOPMENT_TEAM = L79F55H896;
				"FRAMEWORK_SEARCH_PATHS[arch=*]" = (
					"$(inherited)",
					"\"$PODS_CONFIGURATION_BUILD_DIR/Alamofire\"",
					"\"$PODS_CONFIGURATION_BUILD_DIR/Socket.IO-Client-Swift\"",
					"\"$PODS_CONFIGURATION_BUILD_DIR/Starscream\"",
					"\"$PODS_CONFIGURATION_BUILD_DIR/SwiftyJSON\"",
				);
				INFOPLIST_FILE = SmackApp/Info.plist;
				LD_RUNPATH_SEARCH_PATHS = "$(inherited) @executable_path/Frameworks";
				PRODUCT_BUNDLE_IDENTIFIER = TestCorps.SmackApp;
				PRODUCT_NAME = "$(TARGET_NAME)";
				SWIFT_OBJC_BRIDGING_HEADER = "Supporting Files/SmackApp-Bridging-Header.h";
				SWIFT_OPTIMIZATION_LEVEL = "-Onone";
				SWIFT_VERSION = 4.0;
				TARGETED_DEVICE_FAMILY = "1,2";
			};
			name = Debug;
		};
		31B42DCC1FCEAE9200CECDB2 /* Release */ = {
			isa = XCBuildConfiguration;
			baseConfigurationReference = 75A33C12D5633EADA8554682 /* Pods-SmackApp.release.xcconfig */;
			buildSettings = {
				ASSETCATALOG_COMPILER_APPICON_NAME = AppIcon;
				CLANG_ENABLE_MODULES = YES;
				CODE_SIGN_STYLE = Automatic;
				DEVELOPMENT_TEAM = L79F55H896;
				INFOPLIST_FILE = SmackApp/Info.plist;
				LD_RUNPATH_SEARCH_PATHS = "$(inherited) @executable_path/Frameworks";
				PRODUCT_BUNDLE_IDENTIFIER = TestCorps.SmackApp;
				PRODUCT_NAME = "$(TARGET_NAME)";
				SWIFT_OBJC_BRIDGING_HEADER = "Supporting Files/SmackApp-Bridging-Header.h";
				SWIFT_VERSION = 4.0;
				TARGETED_DEVICE_FAMILY = "1,2";
			};
			name = Release;
		};
/* End XCBuildConfiguration section */

/* Begin XCConfigurationList section */
		31B42DB31FCEAE9200CECDB2 /* Build configuration list for PBXProject "SmackApp" */ = {
			isa = XCConfigurationList;
			buildConfigurations = (
				31B42DC81FCEAE9200CECDB2 /* Debug */,
				31B42DC91FCEAE9200CECDB2 /* Release */,
			);
			defaultConfigurationIsVisible = 0;
			defaultConfigurationName = Release;
		};
		31B42DCA1FCEAE9200CECDB2 /* Build configuration list for PBXNativeTarget "SmackApp" */ = {
			isa = XCConfigurationList;
			buildConfigurations = (
				31B42DCB1FCEAE9200CECDB2 /* Debug */,
				31B42DCC1FCEAE9200CECDB2 /* Release */,
			);
			defaultConfigurationIsVisible = 0;
			defaultConfigurationName = Release;
		};
/* End XCConfigurationList section */
	};
	rootObject = 31B42DB01FCEAE9200CECDB2 /* Project object */;
}
